
Microsoft Visual Studio Solution File, Format Version 12.00
# Visual Studio Version 17
VisualStudioVersion = 17.0.31903.59
MinimumVisualStudioVersion = 10.0.40219.1
Project("{2150E333-8FDC-42A3-9474-1A3956D46DE8}") = "microservices-tests", "microservices-tests", "{5864D6E0-D112-4247-91B3-E08E8A169397}"
EndProject
Project("{2150E333-8FDC-42A3-9474-1A3956D46DE8}") = "microservices", "microservices", "{D813B1F2-0286-4EE3-9F23-D32EB7491C30}"
EndProject
Project("{2150E333-8FDC-42A3-9474-1A3956D46DE8}") = "Identity", "Identity", "{91FBF264-77BE-496E-B238-16409EF6D04C}"
EndProject
Project("{FAE04EC0-301F-11D3-BF4B-00C04F79EFBC}") = "Identity.Api", "microservices\Identity\Identity.Api\Identity.Api.csproj", "{67C309A6-F895-41D5-9770-50B834856FBD}"
EndProject
Project("{FAE04EC0-301F-11D3-BF4B-00C04F79EFBC}") = "Identity.Application", "microservices\Identity\Identity.Application\Identity.Application.csproj", "{1AF9CCA0-0B33-4AA9-ACCF-A3E6E73E93A8}"
EndProject
Project("{FAE04EC0-301F-11D3-BF4B-00C04F79EFBC}") = "Identity.Core", "microservices\Identity\Identity.Core\Identity.Core.csproj", "{8667A142-94A8-4A4C-9D20-1BF65495B5B2}"
EndProject
Project("{2150E333-8FDC-42A3-9474-1A3956D46DE8}") = "FeatureFlags", "FeatureFlags", "{20E31422-FFFF-4E39-8726-A0225A4C113F}"
EndProject
Project("{FAE04EC0-301F-11D3-BF4B-00C04F79EFBC}") = "FeatureFlags.Api", "microservices\FeatureFlags\FeatureFlags.Api\FeatureFlags.Api.csproj", "{14E65DB0-4D86-4B09-89C2-0B11DF52838D}"
EndProject
Project("{FAE04EC0-301F-11D3-BF4B-00C04F79EFBC}") = "FeatureFlags.Application", "microservices\FeatureFlags\FeatureFlags.Application\FeatureFlags.Application.csproj", "{1CAE6A13-E20E-4B25-820B-6F9DFF056878}"
EndProject
Project("{FAE04EC0-301F-11D3-BF4B-00C04F79EFBC}") = "FeatureFlags.Core", "microservices\FeatureFlags\FeatureFlags.Core\FeatureFlags.Core.csproj", "{09225468-4EDD-4F42-BE6C-9250E392C8DF}"
EndProject
Project("{FAE04EC0-301F-11D3-BF4B-00C04F79EFBC}") = "Identity.Infrastructure", "microservices\Identity\Identity.Infrastructure\Identity.Infrastructure.csproj", "{78046C92-85F6-4F9B-8347-82C60553A394}"
EndProject
Project("{2150E333-8FDC-42A3-9474-1A3956D46DE8}") = "Shared", "Shared", "{7F52DF3D-18C1-4CBC-AC41-93FB13E9958A}"
EndProject
Project("{FAE04EC0-301F-11D3-BF4B-00C04F79EFBC}") = "MyApp.FeatureFlags.Tests.Unit", "microservices-tests\MyApp.FeatureFlags.Tests.Unit\MyApp.FeatureFlags.Tests.Unit.csproj", "{E1F69790-A230-42E0-B1DF-23BDE554F045}"
EndProject
Project("{FAE04EC0-301F-11D3-BF4B-00C04F79EFBC}") = "MyApp.Identity.Tests.Unit", "microservices-tests\MyApp.Identity.Tests.Unit\MyApp.Identity.Tests.Unit.csproj", "{6BDA2E5E-FE65-4B3A-8B86-32092B79EDA4}"
EndProject
Project("{FAE04EC0-301F-11D3-BF4B-00C04F79EFBC}") = "Shared.Core", "microservices\Shared\Shared.Core\Shared.Core.csproj", "{4B07E601-280D-4B1E-861B-902BF2DA82D7}"
EndProject
Project("{FAE04EC0-301F-11D3-BF4B-00C04F79EFBC}") = "Shared.Infrastructure", "microservices\Shared\Shared.Infrastructure\Shared.Infrastructure.csproj", "{79313718-AD29-43DA-AB0A-0BB6F3DE4B54}"
EndProject
Project("{FAE04EC0-301F-11D3-BF4B-00C04F79EFBC}") = "Shared.Application", "microservices\Shared\Shared.Application\Shared.Application.csproj", "{A94195A1-FCBD-47CB-9D30-82DB44CDD6EF}"
EndProject
Project("{FAE04EC0-301F-11D3-BF4B-00C04F79EFBC}") = "FeatureFlags.Infrastructure", "microservices\FeatureFlags\FeatureFlags.Infrastructure\FeatureFlags.Infrastructure.csproj", "{4F676E82-D49E-448A-B0A7-5F341C727045}"
EndProject
Project("{2150E333-8FDC-42A3-9474-1A3956D46DE8}") = "QueueMailer", "QueueMailer", "{152E3E92-3F0D-4448-96C5-D0BB251D2F8C}"
EndProject
Project("{FAE04EC0-301F-11D3-BF4B-00C04F79EFBC}") = "QueueMailer.Api", "microservices\QueueMailer\QueueMailer.Api\QueueMailer.Api.csproj", "{5B3D7377-35AC-49D3-A382-E2DA3522B61B}"
EndProject
Project("{FAE04EC0-301F-11D3-BF4B-00C04F79EFBC}") = "QueueMailer.Application", "microservices\QueueMailer\QueueMailer.Application\QueueMailer.Application.csproj", "{27D39A70-6195-48C2-8A2E-F169C66DBBC1}"
EndProject
Project("{FAE04EC0-301F-11D3-BF4B-00C04F79EFBC}") = "QueueMailer.Core", "microservices\QueueMailer\QueueMailer.Core\QueueMailer.Core.csproj", "{53D3B6DE-AD5E-4B8A-9C0B-3E82714F4F7E}"
EndProject
Project("{FAE04EC0-301F-11D3-BF4B-00C04F79EFBC}") = "QueueMailer.Infrastructure", "microservices\QueueMailer\QueueMailer.Infrastructure\QueueMailer.Infrastructure.csproj", "{0AA0FE01-69AE-4BC3-9581-7A6B9767BA8B}"
EndProject
Project("{FAE04EC0-301F-11D3-BF4B-00C04F79EFBC}") = "MyApp.Shared.Tests.Unit", "microservices-tests\MyApp.Shared.Tests.Unit\MyApp.Shared.Tests.Unit.csproj", "{8D055CF7-A2F2-4D21-8EF1-C4FA5764113B}"
EndProject
Project("{FAE04EC0-301F-11D3-BF4B-00C04F79EFBC}") = "MyApp.QueueMailer.Tests.Unit", "microservices-tests\MyApp.QueueMailer.Tests.Unit\MyApp.QueueMailer.Tests.Unit.csproj", "{6DD02721-B028-4DAE-B576-00F63C0FFD9E}"
EndProject
Project("{2150E333-8FDC-42A3-9474-1A3956D46DE8}") = "RequestClient", "RequestClient", "{A580144E-9665-4C96-9396-1033D35853B3}"
EndProject
Project("{FAE04EC0-301F-11D3-BF4B-00C04F79EFBC}") = "RequestClient", "microservices\RequestClient\RequestClient\RequestClient.csproj", "{B2682F9D-2C3F-4737-B8B7-1D3888A7488E}"
EndProject
Project("{2150E333-8FDC-42A3-9474-1A3956D46DE8}") = "Notification", "Notification", "{D34AF7FE-6E15-4421-920C-971CCEF4699F}"
EndProject
Project("{FAE04EC0-301F-11D3-BF4B-00C04F79EFBC}") = "Notification.Api", "microservices\Notification\Notification.Api\Notification.Api.csproj", "{C520BBAB-5856-4CD8-849A-7F7F10EF4006}"
EndProject
Project("{FAE04EC0-301F-11D3-BF4B-00C04F79EFBC}") = "Notification.Application", "microservices\Notification\Notification.Application\Notification.Application.csproj", "{43C34689-350B-4A35-8282-F6C919C96094}"
EndProject
Project("{FAE04EC0-301F-11D3-BF4B-00C04F79EFBC}") = "Notification.Core", "microservices\Notification\Notification.Core\Notification.Core.csproj", "{3AC6D687-E68F-4AC4-8EC3-A436BE2D6944}"
EndProject
Project("{FAE04EC0-301F-11D3-BF4B-00C04F79EFBC}") = "Notification.Infrastructure", "microservices\Notification\Notification.Infrastructure\Notification.Infrastructure.csproj", "{481FEABF-184A-4FC1-890A-5AB8E7D49392}"
EndProject
Global
	GlobalSection(SolutionConfigurationPlatforms) = preSolution
		Debug|Any CPU = Debug|Any CPU
		Release|Any CPU = Release|Any CPU
	EndGlobalSection
	GlobalSection(SolutionProperties) = preSolution
		HideSolutionNode = FALSE
	EndGlobalSection
	GlobalSection(ProjectConfigurationPlatforms) = postSolution
		{67C309A6-F895-41D5-9770-50B834856FBD}.Debug|Any CPU.ActiveCfg = Debug|Any CPU
		{67C309A6-F895-41D5-9770-50B834856FBD}.Debug|Any CPU.Build.0 = Debug|Any CPU
		{67C309A6-F895-41D5-9770-50B834856FBD}.Release|Any CPU.ActiveCfg = Release|Any CPU
		{67C309A6-F895-41D5-9770-50B834856FBD}.Release|Any CPU.Build.0 = Release|Any CPU
		{1AF9CCA0-0B33-4AA9-ACCF-A3E6E73E93A8}.Debug|Any CPU.ActiveCfg = Debug|Any CPU
		{1AF9CCA0-0B33-4AA9-ACCF-A3E6E73E93A8}.Debug|Any CPU.Build.0 = Debug|Any CPU
		{1AF9CCA0-0B33-4AA9-ACCF-A3E6E73E93A8}.Release|Any CPU.ActiveCfg = Release|Any CPU
		{1AF9CCA0-0B33-4AA9-ACCF-A3E6E73E93A8}.Release|Any CPU.Build.0 = Release|Any CPU
		{8667A142-94A8-4A4C-9D20-1BF65495B5B2}.Debug|Any CPU.ActiveCfg = Debug|Any CPU
		{8667A142-94A8-4A4C-9D20-1BF65495B5B2}.Debug|Any CPU.Build.0 = Debug|Any CPU
		{8667A142-94A8-4A4C-9D20-1BF65495B5B2}.Release|Any CPU.ActiveCfg = Release|Any CPU
		{8667A142-94A8-4A4C-9D20-1BF65495B5B2}.Release|Any CPU.Build.0 = Release|Any CPU
		{14E65DB0-4D86-4B09-89C2-0B11DF52838D}.Debug|Any CPU.ActiveCfg = Debug|Any CPU
		{14E65DB0-4D86-4B09-89C2-0B11DF52838D}.Debug|Any CPU.Build.0 = Debug|Any CPU
		{14E65DB0-4D86-4B09-89C2-0B11DF52838D}.Release|Any CPU.ActiveCfg = Release|Any CPU
		{14E65DB0-4D86-4B09-89C2-0B11DF52838D}.Release|Any CPU.Build.0 = Release|Any CPU
		{1CAE6A13-E20E-4B25-820B-6F9DFF056878}.Debug|Any CPU.ActiveCfg = Debug|Any CPU
		{1CAE6A13-E20E-4B25-820B-6F9DFF056878}.Debug|Any CPU.Build.0 = Debug|Any CPU
		{1CAE6A13-E20E-4B25-820B-6F9DFF056878}.Release|Any CPU.ActiveCfg = Release|Any CPU
		{1CAE6A13-E20E-4B25-820B-6F9DFF056878}.Release|Any CPU.Build.0 = Release|Any CPU
		{09225468-4EDD-4F42-BE6C-9250E392C8DF}.Debug|Any CPU.ActiveCfg = Debug|Any CPU
		{09225468-4EDD-4F42-BE6C-9250E392C8DF}.Debug|Any CPU.Build.0 = Debug|Any CPU
		{09225468-4EDD-4F42-BE6C-9250E392C8DF}.Release|Any CPU.ActiveCfg = Release|Any CPU
		{09225468-4EDD-4F42-BE6C-9250E392C8DF}.Release|Any CPU.Build.0 = Release|Any CPU
		{78046C92-85F6-4F9B-8347-82C60553A394}.Debug|Any CPU.ActiveCfg = Debug|Any CPU
		{78046C92-85F6-4F9B-8347-82C60553A394}.Debug|Any CPU.Build.0 = Debug|Any CPU
		{78046C92-85F6-4F9B-8347-82C60553A394}.Release|Any CPU.ActiveCfg = Release|Any CPU
		{78046C92-85F6-4F9B-8347-82C60553A394}.Release|Any CPU.Build.0 = Release|Any CPU
		{E1F69790-A230-42E0-B1DF-23BDE554F045}.Debug|Any CPU.ActiveCfg = Debug|Any CPU
		{E1F69790-A230-42E0-B1DF-23BDE554F045}.Debug|Any CPU.Build.0 = Debug|Any CPU
		{E1F69790-A230-42E0-B1DF-23BDE554F045}.Release|Any CPU.ActiveCfg = Release|Any CPU
		{E1F69790-A230-42E0-B1DF-23BDE554F045}.Release|Any CPU.Build.0 = Release|Any CPU
		{6BDA2E5E-FE65-4B3A-8B86-32092B79EDA4}.Debug|Any CPU.ActiveCfg = Debug|Any CPU
		{6BDA2E5E-FE65-4B3A-8B86-32092B79EDA4}.Debug|Any CPU.Build.0 = Debug|Any CPU
		{6BDA2E5E-FE65-4B3A-8B86-32092B79EDA4}.Release|Any CPU.ActiveCfg = Release|Any CPU
		{6BDA2E5E-FE65-4B3A-8B86-32092B79EDA4}.Release|Any CPU.Build.0 = Release|Any CPU
		{4B07E601-280D-4B1E-861B-902BF2DA82D7}.Debug|Any CPU.ActiveCfg = Debug|Any CPU
		{4B07E601-280D-4B1E-861B-902BF2DA82D7}.Debug|Any CPU.Build.0 = Debug|Any CPU
		{4B07E601-280D-4B1E-861B-902BF2DA82D7}.Release|Any CPU.ActiveCfg = Release|Any CPU
		{4B07E601-280D-4B1E-861B-902BF2DA82D7}.Release|Any CPU.Build.0 = Release|Any CPU
		{79313718-AD29-43DA-AB0A-0BB6F3DE4B54}.Debug|Any CPU.ActiveCfg = Debug|Any CPU
		{79313718-AD29-43DA-AB0A-0BB6F3DE4B54}.Debug|Any CPU.Build.0 = Debug|Any CPU
		{79313718-AD29-43DA-AB0A-0BB6F3DE4B54}.Release|Any CPU.ActiveCfg = Release|Any CPU
		{79313718-AD29-43DA-AB0A-0BB6F3DE4B54}.Release|Any CPU.Build.0 = Release|Any CPU
		{A94195A1-FCBD-47CB-9D30-82DB44CDD6EF}.Debug|Any CPU.ActiveCfg = Debug|Any CPU
		{A94195A1-FCBD-47CB-9D30-82DB44CDD6EF}.Debug|Any CPU.Build.0 = Debug|Any CPU
		{A94195A1-FCBD-47CB-9D30-82DB44CDD6EF}.Release|Any CPU.ActiveCfg = Release|Any CPU
		{A94195A1-FCBD-47CB-9D30-82DB44CDD6EF}.Release|Any CPU.Build.0 = Release|Any CPU
		{4F676E82-D49E-448A-B0A7-5F341C727045}.Debug|Any CPU.ActiveCfg = Debug|Any CPU
		{4F676E82-D49E-448A-B0A7-5F341C727045}.Debug|Any CPU.Build.0 = Debug|Any CPU
		{4F676E82-D49E-448A-B0A7-5F341C727045}.Release|Any CPU.ActiveCfg = Release|Any CPU
		{4F676E82-D49E-448A-B0A7-5F341C727045}.Release|Any CPU.Build.0 = Release|Any CPU
		{5B3D7377-35AC-49D3-A382-E2DA3522B61B}.Debug|Any CPU.ActiveCfg = Debug|Any CPU
		{5B3D7377-35AC-49D3-A382-E2DA3522B61B}.Debug|Any CPU.Build.0 = Debug|Any CPU
		{5B3D7377-35AC-49D3-A382-E2DA3522B61B}.Release|Any CPU.ActiveCfg = Release|Any CPU
		{5B3D7377-35AC-49D3-A382-E2DA3522B61B}.Release|Any CPU.Build.0 = Release|Any CPU
		{27D39A70-6195-48C2-8A2E-F169C66DBBC1}.Debug|Any CPU.ActiveCfg = Debug|Any CPU
		{27D39A70-6195-48C2-8A2E-F169C66DBBC1}.Debug|Any CPU.Build.0 = Debug|Any CPU
		{27D39A70-6195-48C2-8A2E-F169C66DBBC1}.Release|Any CPU.ActiveCfg = Release|Any CPU
		{27D39A70-6195-48C2-8A2E-F169C66DBBC1}.Release|Any CPU.Build.0 = Release|Any CPU
		{53D3B6DE-AD5E-4B8A-9C0B-3E82714F4F7E}.Debug|Any CPU.ActiveCfg = Debug|Any CPU
		{53D3B6DE-AD5E-4B8A-9C0B-3E82714F4F7E}.Debug|Any CPU.Build.0 = Debug|Any CPU
		{53D3B6DE-AD5E-4B8A-9C0B-3E82714F4F7E}.Release|Any CPU.ActiveCfg = Release|Any CPU
		{53D3B6DE-AD5E-4B8A-9C0B-3E82714F4F7E}.Release|Any CPU.Build.0 = Release|Any CPU
		{0AA0FE01-69AE-4BC3-9581-7A6B9767BA8B}.Debug|Any CPU.ActiveCfg = Debug|Any CPU
		{0AA0FE01-69AE-4BC3-9581-7A6B9767BA8B}.Debug|Any CPU.Build.0 = Debug|Any CPU
		{0AA0FE01-69AE-4BC3-9581-7A6B9767BA8B}.Release|Any CPU.ActiveCfg = Release|Any CPU
		{0AA0FE01-69AE-4BC3-9581-7A6B9767BA8B}.Release|Any CPU.Build.0 = Release|Any CPU
		{8D055CF7-A2F2-4D21-8EF1-C4FA5764113B}.Debug|Any CPU.ActiveCfg = Debug|Any CPU
		{8D055CF7-A2F2-4D21-8EF1-C4FA5764113B}.Debug|Any CPU.Build.0 = Debug|Any CPU
		{8D055CF7-A2F2-4D21-8EF1-C4FA5764113B}.Release|Any CPU.ActiveCfg = Release|Any CPU
		{8D055CF7-A2F2-4D21-8EF1-C4FA5764113B}.Release|Any CPU.Build.0 = Release|Any CPU
		{6DD02721-B028-4DAE-B576-00F63C0FFD9E}.Debug|Any CPU.ActiveCfg = Debug|Any CPU
		{6DD02721-B028-4DAE-B576-00F63C0FFD9E}.Debug|Any CPU.Build.0 = Debug|Any CPU
		{6DD02721-B028-4DAE-B576-00F63C0FFD9E}.Release|Any CPU.ActiveCfg = Release|Any CPU
		{6DD02721-B028-4DAE-B576-00F63C0FFD9E}.Release|Any CPU.Build.0 = Release|Any CPU
		{B2682F9D-2C3F-4737-B8B7-1D3888A7488E}.Debug|Any CPU.ActiveCfg = Debug|Any CPU
		{B2682F9D-2C3F-4737-B8B7-1D3888A7488E}.Debug|Any CPU.Build.0 = Debug|Any CPU
		{B2682F9D-2C3F-4737-B8B7-1D3888A7488E}.Release|Any CPU.ActiveCfg = Release|Any CPU
		{B2682F9D-2C3F-4737-B8B7-1D3888A7488E}.Release|Any CPU.Build.0 = Release|Any CPU
		{C520BBAB-5856-4CD8-849A-7F7F10EF4006}.Debug|Any CPU.ActiveCfg = Debug|Any CPU
		{C520BBAB-5856-4CD8-849A-7F7F10EF4006}.Debug|Any CPU.Build.0 = Debug|Any CPU
		{C520BBAB-5856-4CD8-849A-7F7F10EF4006}.Release|Any CPU.ActiveCfg = Release|Any CPU
		{C520BBAB-5856-4CD8-849A-7F7F10EF4006}.Release|Any CPU.Build.0 = Release|Any CPU
		{43C34689-350B-4A35-8282-F6C919C96094}.Debug|Any CPU.ActiveCfg = Debug|Any CPU
		{43C34689-350B-4A35-8282-F6C919C96094}.Debug|Any CPU.Build.0 = Debug|Any CPU
		{43C34689-350B-4A35-8282-F6C919C96094}.Release|Any CPU.ActiveCfg = Release|Any CPU
		{43C34689-350B-4A35-8282-F6C919C96094}.Release|Any CPU.Build.0 = Release|Any CPU
		{3AC6D687-E68F-4AC4-8EC3-A436BE2D6944}.Debug|Any CPU.ActiveCfg = Debug|Any CPU
		{3AC6D687-E68F-4AC4-8EC3-A436BE2D6944}.Debug|Any CPU.Build.0 = Debug|Any CPU
		{3AC6D687-E68F-4AC4-8EC3-A436BE2D6944}.Release|Any CPU.ActiveCfg = Release|Any CPU
		{3AC6D687-E68F-4AC4-8EC3-A436BE2D6944}.Release|Any CPU.Build.0 = Release|Any CPU
		{481FEABF-184A-4FC1-890A-5AB8E7D49392}.Debug|Any CPU.ActiveCfg = Debug|Any CPU
		{481FEABF-184A-4FC1-890A-5AB8E7D49392}.Debug|Any CPU.Build.0 = Debug|Any CPU
		{481FEABF-184A-4FC1-890A-5AB8E7D49392}.Release|Any CPU.ActiveCfg = Release|Any CPU
		{481FEABF-184A-4FC1-890A-5AB8E7D49392}.Release|Any CPU.Build.0 = Release|Any CPU
	EndGlobalSection
	GlobalSection(NestedProjects) = preSolution
		{91FBF264-77BE-496E-B238-16409EF6D04C} = {D813B1F2-0286-4EE3-9F23-D32EB7491C30}
		{67C309A6-F895-41D5-9770-50B834856FBD} = {91FBF264-77BE-496E-B238-16409EF6D04C}
		{1AF9CCA0-0B33-4AA9-ACCF-A3E6E73E93A8} = {91FBF264-77BE-496E-B238-16409EF6D04C}
		{8667A142-94A8-4A4C-9D20-1BF65495B5B2} = {91FBF264-77BE-496E-B238-16409EF6D04C}
		{20E31422-FFFF-4E39-8726-A0225A4C113F} = {D813B1F2-0286-4EE3-9F23-D32EB7491C30}
		{14E65DB0-4D86-4B09-89C2-0B11DF52838D} = {20E31422-FFFF-4E39-8726-A0225A4C113F}
		{1CAE6A13-E20E-4B25-820B-6F9DFF056878} = {20E31422-FFFF-4E39-8726-A0225A4C113F}
		{09225468-4EDD-4F42-BE6C-9250E392C8DF} = {20E31422-FFFF-4E39-8726-A0225A4C113F}
		{78046C92-85F6-4F9B-8347-82C60553A394} = {91FBF264-77BE-496E-B238-16409EF6D04C}
		{7F52DF3D-18C1-4CBC-AC41-93FB13E9958A} = {D813B1F2-0286-4EE3-9F23-D32EB7491C30}
		{E1F69790-A230-42E0-B1DF-23BDE554F045} = {5864D6E0-D112-4247-91B3-E08E8A169397}
		{6BDA2E5E-FE65-4B3A-8B86-32092B79EDA4} = {5864D6E0-D112-4247-91B3-E08E8A169397}
		{4B07E601-280D-4B1E-861B-902BF2DA82D7} = {7F52DF3D-18C1-4CBC-AC41-93FB13E9958A}
		{79313718-AD29-43DA-AB0A-0BB6F3DE4B54} = {7F52DF3D-18C1-4CBC-AC41-93FB13E9958A}
		{A94195A1-FCBD-47CB-9D30-82DB44CDD6EF} = {7F52DF3D-18C1-4CBC-AC41-93FB13E9958A}
		{4F676E82-D49E-448A-B0A7-5F341C727045} = {20E31422-FFFF-4E39-8726-A0225A4C113F}
		{152E3E92-3F0D-4448-96C5-D0BB251D2F8C} = {D813B1F2-0286-4EE3-9F23-D32EB7491C30}
		{5B3D7377-35AC-49D3-A382-E2DA3522B61B} = {152E3E92-3F0D-4448-96C5-D0BB251D2F8C}
		{27D39A70-6195-48C2-8A2E-F169C66DBBC1} = {152E3E92-3F0D-4448-96C5-D0BB251D2F8C}
		{53D3B6DE-AD5E-4B8A-9C0B-3E82714F4F7E} = {152E3E92-3F0D-4448-96C5-D0BB251D2F8C}
		{0AA0FE01-69AE-4BC3-9581-7A6B9767BA8B} = {152E3E92-3F0D-4448-96C5-D0BB251D2F8C}
		{8D055CF7-A2F2-4D21-8EF1-C4FA5764113B} = {5864D6E0-D112-4247-91B3-E08E8A169397}
		{6DD02721-B028-4DAE-B576-00F63C0FFD9E} = {5864D6E0-D112-4247-91B3-E08E8A169397}
		{A580144E-9665-4C96-9396-1033D35853B3} = {D813B1F2-0286-4EE3-9F23-D32EB7491C30}
		{B2682F9D-2C3F-4737-B8B7-1D3888A7488E} = {A580144E-9665-4C96-9396-1033D35853B3}
		{D34AF7FE-6E15-4421-920C-971CCEF4699F} = {D813B1F2-0286-4EE3-9F23-D32EB7491C30}
		{C520BBAB-5856-4CD8-849A-7F7F10EF4006} = {D34AF7FE-6E15-4421-920C-971CCEF4699F}
		{43C34689-350B-4A35-8282-F6C919C96094} = {D34AF7FE-6E15-4421-920C-971CCEF4699F}
		{3AC6D687-E68F-4AC4-8EC3-A436BE2D6944} = {D34AF7FE-6E15-4421-920C-971CCEF4699F}
		{481FEABF-184A-4FC1-890A-5AB8E7D49392} = {D34AF7FE-6E15-4421-920C-971CCEF4699F}
	EndGlobalSection
EndGlobal
