
Microsoft Visual Studio Solution File, Format Version 12.00
# Visual Studio Version 17
VisualStudioVersion = 17.0.31903.59
MinimumVisualStudioVersion = 10.0.40219.1
Project("{2150E333-8FDC-42A3-9474-1A3956D46DE8}") = "src", "src", "{F079E26A-CE1A-4712-A033-DFE8139C7F5C}"
EndProject
Project("{FAE04EC0-301F-11D3-BF4B-00C04F79EFBC}") = "MyApp.Api", "src\MyApp.Api\MyApp.Api.csproj", "{F20E55EC-C639-464F-BCFB-D7B3883925A8}"
EndProject
Project("{2150E333-8FDC-42A3-9474-1A3956D46DE8}") = "tests", "tests", "{5864D6E0-D112-4247-91B3-E08E8A169397}"
EndProject
Project("{FAE04EC0-301F-11D3-BF4B-00C04F79EFBC}") = "MyApp.Tests.Unit", "MyApp.Tests.Unit\MyApp.Tests.Unit.csproj", "{A92F49F4-7839-46F3-90BC-458BB8BE1760}"
EndProject
Project("{FAE04EC0-301F-11D3-BF4B-00C04F79EFBC}") = "MyApp.Application", "src\MyApp.Application\MyApp.Application.csproj", "{C145288D-3647-4485-B51D-D498DAFA1BE9}"
EndProject
Project("{FAE04EC0-301F-11D3-BF4B-00C04F79EFBC}") = "MyApp.Core", "src\MyApp.Core\MyApp.Core.csproj", "{C06807C0-CC1F-45B0-858E-D249CEEB37AA}"
EndProject
Project("{FAE04EC0-301F-11D3-BF4B-00C04F79EFBC}") = "MyApp.Infrastructure", "src\MyApp.Infrastructure\MyApp.Infrastructure.csproj", "{ACB772F5-6AF4-4D86-8A29-7A8FB74B71A3}"
EndProject
Project("{2150E333-8FDC-42A3-9474-1A3956D46DE8}") = "modules", "modules", "{79C88F25-105F-4D9F-88BB-580AA42AA4F0}"
EndProject
Project("{2150E333-8FDC-42A3-9474-1A3956D46DE8}") = "integration", "integration", "{5875617D-655F-425B-87A7-0764435EA847}"
EndProject
Project("{FAE04EC0-301F-11D3-BF4B-00C04F79EFBC}") = "Integration.Api", "modules\integration\Integration.Api\Integration.Api.csproj", "{09C92C1B-03F1-4A19-A8DA-6417D4E988C7}"
EndProject
Project("{FAE04EC0-301F-11D3-BF4B-00C04F79EFBC}") = "Integration.Application", "modules\integration\Integration.Application\Integration.Application.csproj", "{07E52EBD-E607-480E-8644-CAF95EF8E05B}"
EndProject
Project("{FAE04EC0-301F-11D3-BF4B-00C04F79EFBC}") = "Integration.Core", "modules\integration\Integration.Core\Integration.Core.csproj", "{EFEF5349-4232-45E2-BD26-DC384BE734BA}"
EndProject
Project("{FAE04EC0-301F-11D3-BF4B-00C04F79EFBC}") = "Integration.Infrastructure", "modules\integration\Integration.Infrastructure\Integration.Infrastructure.csproj", "{8A73CB69-7BE8-4B95-80E4-0D16455D9F0D}"
EndProject
Project("{2150E333-8FDC-42A3-9474-1A3956D46DE8}") = "common", "common", "{699A9B5B-3494-430C-8911-DB8F20D28143}"
EndProject
Project("{FAE04EC0-301F-11D3-BF4B-00C04F79EFBC}") = "Common", "common\Common\Common.csproj", "{A1C5EB9C-3B44-4449-B4B3-A6C01E06DD7C}"
EndProject
Global
	GlobalSection(SolutionConfigurationPlatforms) = preSolution
		Debug|Any CPU = Debug|Any CPU
		Release|Any CPU = Release|Any CPU
	EndGlobalSection
	GlobalSection(SolutionProperties) = preSolution
		HideSolutionNode = FALSE
	EndGlobalSection
	GlobalSection(ProjectConfigurationPlatforms) = postSolution
		{F20E55EC-C639-464F-BCFB-D7B3883925A8}.Debug|Any CPU.ActiveCfg = Debug|Any CPU
		{F20E55EC-C639-464F-BCFB-D7B3883925A8}.Debug|Any CPU.Build.0 = Debug|Any CPU
		{F20E55EC-C639-464F-BCFB-D7B3883925A8}.Release|Any CPU.ActiveCfg = Release|Any CPU
		{F20E55EC-C639-464F-BCFB-D7B3883925A8}.Release|Any CPU.Build.0 = Release|Any CPU
		{A92F49F4-7839-46F3-90BC-458BB8BE1760}.Debug|Any CPU.ActiveCfg = Debug|Any CPU
		{A92F49F4-7839-46F3-90BC-458BB8BE1760}.Debug|Any CPU.Build.0 = Debug|Any CPU
		{A92F49F4-7839-46F3-90BC-458BB8BE1760}.Release|Any CPU.ActiveCfg = Release|Any CPU
		{A92F49F4-7839-46F3-90BC-458BB8BE1760}.Release|Any CPU.Build.0 = Release|Any CPU
		{C145288D-3647-4485-B51D-D498DAFA1BE9}.Debug|Any CPU.ActiveCfg = Debug|Any CPU
		{C145288D-3647-4485-B51D-D498DAFA1BE9}.Debug|Any CPU.Build.0 = Debug|Any CPU
		{C145288D-3647-4485-B51D-D498DAFA1BE9}.Release|Any CPU.ActiveCfg = Release|Any CPU
		{C145288D-3647-4485-B51D-D498DAFA1BE9}.Release|Any CPU.Build.0 = Release|Any CPU
		{C06807C0-CC1F-45B0-858E-D249CEEB37AA}.Debug|Any CPU.ActiveCfg = Debug|Any CPU
		{C06807C0-CC1F-45B0-858E-D249CEEB37AA}.Debug|Any CPU.Build.0 = Debug|Any CPU
		{C06807C0-CC1F-45B0-858E-D249CEEB37AA}.Release|Any CPU.ActiveCfg = Release|Any CPU
		{C06807C0-CC1F-45B0-858E-D249CEEB37AA}.Release|Any CPU.Build.0 = Release|Any CPU
		{ACB772F5-6AF4-4D86-8A29-7A8FB74B71A3}.Debug|Any CPU.ActiveCfg = Debug|Any CPU
		{ACB772F5-6AF4-4D86-8A29-7A8FB74B71A3}.Debug|Any CPU.Build.0 = Debug|Any CPU
		{ACB772F5-6AF4-4D86-8A29-7A8FB74B71A3}.Release|Any CPU.ActiveCfg = Release|Any CPU
		{ACB772F5-6AF4-4D86-8A29-7A8FB74B71A3}.Release|Any CPU.Build.0 = Release|Any CPU
		{09C92C1B-03F1-4A19-A8DA-6417D4E988C7}.Debug|Any CPU.ActiveCfg = Debug|Any CPU
		{09C92C1B-03F1-4A19-A8DA-6417D4E988C7}.Debug|Any CPU.Build.0 = Debug|Any CPU
		{09C92C1B-03F1-4A19-A8DA-6417D4E988C7}.Release|Any CPU.ActiveCfg = Release|Any CPU
		{09C92C1B-03F1-4A19-A8DA-6417D4E988C7}.Release|Any CPU.Build.0 = Release|Any CPU
		{07E52EBD-E607-480E-8644-CAF95EF8E05B}.Debug|Any CPU.ActiveCfg = Debug|Any CPU
		{07E52EBD-E607-480E-8644-CAF95EF8E05B}.Debug|Any CPU.Build.0 = Debug|Any CPU
		{07E52EBD-E607-480E-8644-CAF95EF8E05B}.Release|Any CPU.ActiveCfg = Release|Any CPU
		{07E52EBD-E607-480E-8644-CAF95EF8E05B}.Release|Any CPU.Build.0 = Release|Any CPU
		{EFEF5349-4232-45E2-BD26-DC384BE734BA}.Debug|Any CPU.ActiveCfg = Debug|Any CPU
		{EFEF5349-4232-45E2-BD26-DC384BE734BA}.Debug|Any CPU.Build.0 = Debug|Any CPU
		{EFEF5349-4232-45E2-BD26-DC384BE734BA}.Release|Any CPU.ActiveCfg = Release|Any CPU
		{EFEF5349-4232-45E2-BD26-DC384BE734BA}.Release|Any CPU.Build.0 = Release|Any CPU
		{8A73CB69-7BE8-4B95-80E4-0D16455D9F0D}.Debug|Any CPU.ActiveCfg = Debug|Any CPU
		{8A73CB69-7BE8-4B95-80E4-0D16455D9F0D}.Debug|Any CPU.Build.0 = Debug|Any CPU
		{8A73CB69-7BE8-4B95-80E4-0D16455D9F0D}.Release|Any CPU.ActiveCfg = Release|Any CPU
		{8A73CB69-7BE8-4B95-80E4-0D16455D9F0D}.Release|Any CPU.Build.0 = Release|Any CPU
		{A1C5EB9C-3B44-4449-B4B3-A6C01E06DD7C}.Debug|Any CPU.ActiveCfg = Debug|Any CPU
		{A1C5EB9C-3B44-4449-B4B3-A6C01E06DD7C}.Debug|Any CPU.Build.0 = Debug|Any CPU
		{A1C5EB9C-3B44-4449-B4B3-A6C01E06DD7C}.Release|Any CPU.ActiveCfg = Release|Any CPU
		{A1C5EB9C-3B44-4449-B4B3-A6C01E06DD7C}.Release|Any CPU.Build.0 = Release|Any CPU
	EndGlobalSection
	GlobalSection(NestedProjects) = preSolution
		{F20E55EC-C639-464F-BCFB-D7B3883925A8} = {F079E26A-CE1A-4712-A033-DFE8139C7F5C}
		{A92F49F4-7839-46F3-90BC-458BB8BE1760} = {5864D6E0-D112-4247-91B3-E08E8A169397}
		{C145288D-3647-4485-B51D-D498DAFA1BE9} = {F079E26A-CE1A-4712-A033-DFE8139C7F5C}
		{C06807C0-CC1F-45B0-858E-D249CEEB37AA} = {F079E26A-CE1A-4712-A033-DFE8139C7F5C}
		{ACB772F5-6AF4-4D86-8A29-7A8FB74B71A3} = {F079E26A-CE1A-4712-A033-DFE8139C7F5C}
		{5875617D-655F-425B-87A7-0764435EA847} = {79C88F25-105F-4D9F-88BB-580AA42AA4F0}
		{09C92C1B-03F1-4A19-A8DA-6417D4E988C7} = {5875617D-655F-425B-87A7-0764435EA847}
		{07E52EBD-E607-480E-8644-CAF95EF8E05B} = {5875617D-655F-425B-87A7-0764435EA847}
		{EFEF5349-4232-45E2-BD26-DC384BE734BA} = {5875617D-655F-425B-87A7-0764435EA847}
		{8A73CB69-7BE8-4B95-80E4-0D16455D9F0D} = {5875617D-655F-425B-87A7-0764435EA847}
		{A1C5EB9C-3B44-4449-B4B3-A6C01E06DD7C} = {699A9B5B-3494-430C-8911-DB8F20D28143}
	EndGlobalSection
EndGlobal
