
Microsoft Visual Studio Solution File, Format Version 12.00
# Visual Studio Version 17
VisualStudioVersion = 17.0.31903.59
MinimumVisualStudioVersion = 10.0.40219.1
Project("{2150E333-8FDC-42A3-9474-1A3956D46DE8}") = "microservices-tests", "microservices-tests", "{5864D6E0-D112-4247-91B3-E08E8A169397}"
EndProject
Project("{2150E333-8FDC-42A3-9474-1A3956D46DE8}") = "microservices", "microservices", "{D813B1F2-0286-4EE3-9F23-D32EB7491C30}"
EndProject
Project("{2150E333-8FDC-42A3-9474-1A3956D46DE8}") = "Identity", "Identity", "{91FBF264-77BE-496E-B238-16409EF6D04C}"
EndProject
Project("{FAE04EC0-301F-11D3-BF4B-00C04F79EFBC}") = "Identity.Api", "microservices\Identity\Identity.Api\Identity.Api.csproj", "{67C309A6-F895-41D5-9770-50B834856FBD}"
EndProject
Project("{FAE04EC0-301F-11D3-BF4B-00C04F79EFBC}") = "Identity.Application", "microservices\Identity\Identity.Application\Identity.Application.csproj", "{1AF9CCA0-0B33-4AA9-ACCF-A3E6E73E93A8}"
EndProject
Project("{FAE04EC0-301F-11D3-BF4B-00C04F79EFBC}") = "Identity.Core", "microservices\Identity\Identity.Core\Identity.Core.csproj", "{8667A142-94A8-4A4C-9D20-1BF65495B5B2}"
EndProject
Project("{2150E333-8FDC-42A3-9474-1A3956D46DE8}") = "FeatureFlags", "FeatureFlags", "{20E31422-FFFF-4E39-8726-A0225A4C113F}"
EndProject
Project("{FAE04EC0-301F-11D3-BF4B-00C04F79EFBC}") = "FeatureFlags.Api", "microservices\FeatureFlags\FeatureFlags.Api\FeatureFlags.Api.csproj", "{14E65DB0-4D86-4B09-89C2-0B11DF52838D}"
EndProject
Project("{FAE04EC0-301F-11D3-BF4B-00C04F79EFBC}") = "FeatureFlags.Application", "microservices\FeatureFlags\FeatureFlags.Application\FeatureFlags.Application.csproj", "{1CAE6A13-E20E-4B25-820B-6F9DFF056878}"
EndProject
Project("{FAE04EC0-301F-11D3-BF4B-00C04F79EFBC}") = "FeatureFlags.Core", "microservices\FeatureFlags\FeatureFlags.Core\FeatureFlags.Core.csproj", "{09225468-4EDD-4F42-BE6C-9250E392C8DF}"
EndProject
Project("{FAE04EC0-301F-11D3-BF4B-00C04F79EFBC}") = "Identity.Infrastructure", "microservices\Identity\Identity.Infrastructure\Identity.Infrastructure.csproj", "{78046C92-85F6-4F9B-8347-82C60553A394}"
EndProject
Project("{2150E333-8FDC-42A3-9474-1A3956D46DE8}") = "Shared", "Shared", "{7F52DF3D-18C1-4CBC-AC41-93FB13E9958A}"
EndProject
Project("{FAE04EC0-301F-11D3-BF4B-00C04F79EFBC}") = "Shared", "microservices\Shared\Shared\Shared.csproj", "{391030FA-BA16-49EA-B697-4B100EA5090B}"
EndProject
Project("{FAE04EC0-301F-11D3-BF4B-00C04F79EFBC}") = "MyApp.FeatureFlags.Tests.Unit", "microservices-tests\MyApp.FeatureFlags.Tests.Unit\MyApp.FeatureFlags.Tests.Unit.csproj", "{E1F69790-A230-42E0-B1DF-23BDE554F045}"
EndProject
Project("{FAE04EC0-301F-11D3-BF4B-00C04F79EFBC}") = "MyApp.Identity.Tests.Unit", "microservices-tests\MyApp.Identity.Tests.Unit\MyApp.Identity.Tests.Unit.csproj", "{6BDA2E5E-FE65-4B3A-8B86-32092B79EDA4}"
EndProject
Global
	GlobalSection(SolutionConfigurationPlatforms) = preSolution
		Debug|Any CPU = Debug|Any CPU
		Release|Any CPU = Release|Any CPU
	EndGlobalSection
	GlobalSection(SolutionProperties) = preSolution
		HideSolutionNode = FALSE
	EndGlobalSection
	GlobalSection(ProjectConfigurationPlatforms) = postSolution
		{67C309A6-F895-41D5-9770-50B834856FBD}.Debug|Any CPU.ActiveCfg = Debug|Any CPU
		{67C309A6-F895-41D5-9770-50B834856FBD}.Debug|Any CPU.Build.0 = Debug|Any CPU
		{67C309A6-F895-41D5-9770-50B834856FBD}.Release|Any CPU.ActiveCfg = Release|Any CPU
		{67C309A6-F895-41D5-9770-50B834856FBD}.Release|Any CPU.Build.0 = Release|Any CPU
		{1AF9CCA0-0B33-4AA9-ACCF-A3E6E73E93A8}.Debug|Any CPU.ActiveCfg = Debug|Any CPU
		{1AF9CCA0-0B33-4AA9-ACCF-A3E6E73E93A8}.Debug|Any CPU.Build.0 = Debug|Any CPU
		{1AF9CCA0-0B33-4AA9-ACCF-A3E6E73E93A8}.Release|Any CPU.ActiveCfg = Release|Any CPU
		{1AF9CCA0-0B33-4AA9-ACCF-A3E6E73E93A8}.Release|Any CPU.Build.0 = Release|Any CPU
		{8667A142-94A8-4A4C-9D20-1BF65495B5B2}.Debug|Any CPU.ActiveCfg = Debug|Any CPU
		{8667A142-94A8-4A4C-9D20-1BF65495B5B2}.Debug|Any CPU.Build.0 = Debug|Any CPU
		{8667A142-94A8-4A4C-9D20-1BF65495B5B2}.Release|Any CPU.ActiveCfg = Release|Any CPU
		{8667A142-94A8-4A4C-9D20-1BF65495B5B2}.Release|Any CPU.Build.0 = Release|Any CPU
		{14E65DB0-4D86-4B09-89C2-0B11DF52838D}.Debug|Any CPU.ActiveCfg = Debug|Any CPU
		{14E65DB0-4D86-4B09-89C2-0B11DF52838D}.Debug|Any CPU.Build.0 = Debug|Any CPU
		{14E65DB0-4D86-4B09-89C2-0B11DF52838D}.Release|Any CPU.ActiveCfg = Release|Any CPU
		{14E65DB0-4D86-4B09-89C2-0B11DF52838D}.Release|Any CPU.Build.0 = Release|Any CPU
		{1CAE6A13-E20E-4B25-820B-6F9DFF056878}.Debug|Any CPU.ActiveCfg = Debug|Any CPU
		{1CAE6A13-E20E-4B25-820B-6F9DFF056878}.Debug|Any CPU.Build.0 = Debug|Any CPU
		{1CAE6A13-E20E-4B25-820B-6F9DFF056878}.Release|Any CPU.ActiveCfg = Release|Any CPU
		{1CAE6A13-E20E-4B25-820B-6F9DFF056878}.Release|Any CPU.Build.0 = Release|Any CPU
		{09225468-4EDD-4F42-BE6C-9250E392C8DF}.Debug|Any CPU.ActiveCfg = Debug|Any CPU
		{09225468-4EDD-4F42-BE6C-9250E392C8DF}.Debug|Any CPU.Build.0 = Debug|Any CPU
		{09225468-4EDD-4F42-BE6C-9250E392C8DF}.Release|Any CPU.ActiveCfg = Release|Any CPU
		{09225468-4EDD-4F42-BE6C-9250E392C8DF}.Release|Any CPU.Build.0 = Release|Any CPU
		{78046C92-85F6-4F9B-8347-82C60553A394}.Debug|Any CPU.ActiveCfg = Debug|Any CPU
		{78046C92-85F6-4F9B-8347-82C60553A394}.Debug|Any CPU.Build.0 = Debug|Any CPU
		{78046C92-85F6-4F9B-8347-82C60553A394}.Release|Any CPU.ActiveCfg = Release|Any CPU
		{78046C92-85F6-4F9B-8347-82C60553A394}.Release|Any CPU.Build.0 = Release|Any CPU
		{391030FA-BA16-49EA-B697-4B100EA5090B}.Debug|Any CPU.ActiveCfg = Debug|Any CPU
		{391030FA-BA16-49EA-B697-4B100EA5090B}.Debug|Any CPU.Build.0 = Debug|Any CPU
		{391030FA-BA16-49EA-B697-4B100EA5090B}.Release|Any CPU.ActiveCfg = Release|Any CPU
		{391030FA-BA16-49EA-B697-4B100EA5090B}.Release|Any CPU.Build.0 = Release|Any CPU
		{E1F69790-A230-42E0-B1DF-23BDE554F045}.Debug|Any CPU.ActiveCfg = Debug|Any CPU
		{E1F69790-A230-42E0-B1DF-23BDE554F045}.Debug|Any CPU.Build.0 = Debug|Any CPU
		{E1F69790-A230-42E0-B1DF-23BDE554F045}.Release|Any CPU.ActiveCfg = Release|Any CPU
		{E1F69790-A230-42E0-B1DF-23BDE554F045}.Release|Any CPU.Build.0 = Release|Any CPU
		{6BDA2E5E-FE65-4B3A-8B86-32092B79EDA4}.Debug|Any CPU.ActiveCfg = Debug|Any CPU
		{6BDA2E5E-FE65-4B3A-8B86-32092B79EDA4}.Debug|Any CPU.Build.0 = Debug|Any CPU
		{6BDA2E5E-FE65-4B3A-8B86-32092B79EDA4}.Release|Any CPU.ActiveCfg = Release|Any CPU
		{6BDA2E5E-FE65-4B3A-8B86-32092B79EDA4}.Release|Any CPU.Build.0 = Release|Any CPU
	EndGlobalSection
	GlobalSection(NestedProjects) = preSolution
		{91FBF264-77BE-496E-B238-16409EF6D04C} = {D813B1F2-0286-4EE3-9F23-D32EB7491C30}
		{67C309A6-F895-41D5-9770-50B834856FBD} = {91FBF264-77BE-496E-B238-16409EF6D04C}
		{1AF9CCA0-0B33-4AA9-ACCF-A3E6E73E93A8} = {91FBF264-77BE-496E-B238-16409EF6D04C}
		{8667A142-94A8-4A4C-9D20-1BF65495B5B2} = {91FBF264-77BE-496E-B238-16409EF6D04C}
		{20E31422-FFFF-4E39-8726-A0225A4C113F} = {D813B1F2-0286-4EE3-9F23-D32EB7491C30}
		{14E65DB0-4D86-4B09-89C2-0B11DF52838D} = {20E31422-FFFF-4E39-8726-A0225A4C113F}
		{1CAE6A13-E20E-4B25-820B-6F9DFF056878} = {20E31422-FFFF-4E39-8726-A0225A4C113F}
		{09225468-4EDD-4F42-BE6C-9250E392C8DF} = {20E31422-FFFF-4E39-8726-A0225A4C113F}
		{78046C92-85F6-4F9B-8347-82C60553A394} = {91FBF264-77BE-496E-B238-16409EF6D04C}
		{7F52DF3D-18C1-4CBC-AC41-93FB13E9958A} = {D813B1F2-0286-4EE3-9F23-D32EB7491C30}
		{391030FA-BA16-49EA-B697-4B100EA5090B} = {7F52DF3D-18C1-4CBC-AC41-93FB13E9958A}
		{E1F69790-A230-42E0-B1DF-23BDE554F045} = {5864D6E0-D112-4247-91B3-E08E8A169397}
		{6BDA2E5E-FE65-4B3A-8B86-32092B79EDA4} = {5864D6E0-D112-4247-91B3-E08E8A169397}
	EndGlobalSection
EndGlobal
